
Microsoft Visual Studio Solution File, Format Version 12.00
# Visual Studio Version 17
VisualStudioVersion = 17.2.32602.215
MinimumVisualStudioVersion = 10.0.40219.1
Project("{FAE04EC0-301F-11D3-BF4B-00C04F79EFBC}") = "CS3", "CS3\CS3.csproj", "{B129112D-8D73-4FED-B28C-E3551012568B}"
EndProject
Global
	GlobalSection(SolutionConfigurationPlatforms) = preSolution
		Debug|Any CPU = Debug|Any CPU
		Release|Any CPU = Release|Any CPU
	EndGlobalSection
	GlobalSection(ProjectConfigurationPlatforms) = postSolution
		{B129112D-8D73-4FED-B28C-E3551012568B}.Debug|Any CPU.ActiveCfg = Debug|Any CPU
		{B129112D-8D73-4FED-B28C-E3551012568B}.Debug|Any CPU.Build.0 = Debug|Any CPU
		{B129112D-8D73-4FED-B28C-E3551012568B}.Release|Any CPU.ActiveCfg = Release|Any CPU
		{B129112D-8D73-4FED-B28C-E3551012568B}.Release|Any CPU.Build.0 = Release|Any CPU
	EndGlobalSection
	GlobalSection(SolutionProperties) = preSolution
		HideSolutionNode = FALSE
	EndGlobalSection
	GlobalSection(ExtensibilityGlobals) = postSolution
		SolutionGuid = {473AB507-3073-49A0-8AC9-A0DB0B9EBA1F}
	EndGlobalSection
EndGlobal
